
Microsoft Visual Studio Solution File, Format Version 12.00
# Visual Studio Version 17
VisualStudioVersion = 17.1.32319.34
MinimumVisualStudioVersion = 10.0.40219.1
Project("{9A19103F-16F7-4668-BE54-9A1E7A4F7556}") = "HW3.1", "HW3.1.csproj", "{BF02118A-B60A-4B16-A74A-9EE5E639497D}"
EndProject
Project("{9A19103F-16F7-4668-BE54-9A1E7A4F7556}") = "HW3.2", "..\HW3.2\HW3.2.csproj", "{D8D0DEE7-C214-4CD8-A87F-AE14E4E4AC40}"
EndProject
Project("{FAE04EC0-301F-11D3-BF4B-00C04F79EFBC}") = "HW3.3", "..\HW3.3\HW3.3.csproj", "{B5AD0FC2-32ED-4BBB-BDCE-934E14D0B36D}"
EndProject
Global
	GlobalSection(SolutionConfigurationPlatforms) = preSolution
		Debug|Any CPU = Debug|Any CPU
		Release|Any CPU = Release|Any CPU
	EndGlobalSection
	GlobalSection(ProjectConfigurationPlatforms) = postSolution
		{BF02118A-B60A-4B16-A74A-9EE5E639497D}.Debug|Any CPU.ActiveCfg = Debug|Any CPU
		{BF02118A-B60A-4B16-A74A-9EE5E639497D}.Debug|Any CPU.Build.0 = Debug|Any CPU
		{BF02118A-B60A-4B16-A74A-9EE5E639497D}.Release|Any CPU.ActiveCfg = Release|Any CPU
		{BF02118A-B60A-4B16-A74A-9EE5E639497D}.Release|Any CPU.Build.0 = Release|Any CPU
		{D8D0DEE7-C214-4CD8-A87F-AE14E4E4AC40}.Debug|Any CPU.ActiveCfg = Debug|Any CPU
		{D8D0DEE7-C214-4CD8-A87F-AE14E4E4AC40}.Debug|Any CPU.Build.0 = Debug|Any CPU
		{D8D0DEE7-C214-4CD8-A87F-AE14E4E4AC40}.Release|Any CPU.ActiveCfg = Release|Any CPU
		{D8D0DEE7-C214-4CD8-A87F-AE14E4E4AC40}.Release|Any CPU.Build.0 = Release|Any CPU
		{B5AD0FC2-32ED-4BBB-BDCE-934E14D0B36D}.Debug|Any CPU.ActiveCfg = Debug|Any CPU
		{B5AD0FC2-32ED-4BBB-BDCE-934E14D0B36D}.Debug|Any CPU.Build.0 = Debug|Any CPU
		{B5AD0FC2-32ED-4BBB-BDCE-934E14D0B36D}.Release|Any CPU.ActiveCfg = Release|Any CPU
		{B5AD0FC2-32ED-4BBB-BDCE-934E14D0B36D}.Release|Any CPU.Build.0 = Release|Any CPU
	EndGlobalSection
	GlobalSection(SolutionProperties) = preSolution
		HideSolutionNode = FALSE
	EndGlobalSection
	GlobalSection(ExtensibilityGlobals) = postSolution
		SolutionGuid = {55AB4B8E-72ED-4065-98AB-0B0964DBF240}
	EndGlobalSection
EndGlobal
